
Microsoft Visual Studio Solution File, Format Version 12.00
# Visual Studio Version 16
VisualStudioVersion = 16.0.29418.71
MinimumVisualStudioVersion = 10.0.40219.1
Project("{9A19103F-16F7-4668-BE54-9A1E7A4F7556}") = "EFCoreManyToMany", "EFCoreManyToMany.csproj", "{7596E95E-F815-45F9-AF80-E6A414772254}"
EndProject
Project("{FAE04EC0-301F-11D3-BF4B-00C04F79EFBC}") = "Extensions", "..\Extensions\Extensions.csproj", "{6C2050B4-3CC7-4C21-81FA-11D4B19FB635}"
EndProject
Global
	GlobalSection(SolutionConfigurationPlatforms) = preSolution
		Debug|Any CPU = Debug|Any CPU
		Release|Any CPU = Release|Any CPU
	EndGlobalSection
	GlobalSection(ProjectConfigurationPlatforms) = postSolution
		{7596E95E-F815-45F9-AF80-E6A414772254}.Debug|Any CPU.ActiveCfg = Debug|Any CPU
		{7596E95E-F815-45F9-AF80-E6A414772254}.Debug|Any CPU.Build.0 = Debug|Any CPU
		{7596E95E-F815-45F9-AF80-E6A414772254}.Release|Any CPU.ActiveCfg = Release|Any CPU
		{7596E95E-F815-45F9-AF80-E6A414772254}.Release|Any CPU.Build.0 = Release|Any CPU
		{6C2050B4-3CC7-4C21-81FA-11D4B19FB635}.Debug|Any CPU.ActiveCfg = Debug|Any CPU
		{6C2050B4-3CC7-4C21-81FA-11D4B19FB635}.Debug|Any CPU.Build.0 = Debug|Any CPU
		{6C2050B4-3CC7-4C21-81FA-11D4B19FB635}.Release|Any CPU.ActiveCfg = Release|Any CPU
		{6C2050B4-3CC7-4C21-81FA-11D4B19FB635}.Release|Any CPU.Build.0 = Release|Any CPU
	EndGlobalSection
	GlobalSection(SolutionProperties) = preSolution
		HideSolutionNode = FALSE
	EndGlobalSection
	GlobalSection(ExtensibilityGlobals) = postSolution
		SolutionGuid = {8C0E0F2D-1B1D-4898-8864-A70D5A3D8E88}
	EndGlobalSection
EndGlobal
